// !$*UTF8*$!
{
	archiveVersion = 1;
	classes = {
	};
	objectVersion = 46;
	objects = {

/* Begin PBXBuildFile section */
		BB866EA4140C2F7100A188B5 /* UIKit.framework in Frameworks */ = {isa = PBXBuildFile; fileRef = BB866EA3140C2F7100A188B5 /* UIKit.framework */; };
		BB866EA6140C2F7100A188B5 /* Foundation.framework in Frameworks */ = {isa = PBXBuildFile; fileRef = BB866EA5140C2F7100A188B5 /* Foundation.framework */; };
		BB866EA8140C2F7100A188B5 /* CoreGraphics.framework in Frameworks */ = {isa = PBXBuildFile; fileRef = BB866EA7140C2F7100A188B5 /* CoreGraphics.framework */; };
		BB866EAE140C2F7100A188B5 /* InfoPlist.strings in Resources */ = {isa = PBXBuildFile; fileRef = BB866EAC140C2F7100A188B5 /* InfoPlist.strings */; };
		BB866EB0140C2F7100A188B5 /* main.m in Sources */ = {isa = PBXBuildFile; fileRef = BB866EAF140C2F7100A188B5 /* main.m */; };
		BB866EB4140C2F7100A188B5 /* SparrowBonesAppDelegate.m in Sources */ = {isa = PBXBuildFile; fileRef = BB866EB3140C2F7100A188B5 /* SparrowBonesAppDelegate.m */; };
		BB866EB7140C2F7100A188B5 /* MainWindow.xib in Resources */ = {isa = PBXBuildFile; fileRef = BB866EB5140C2F7100A188B5 /* MainWindow.xib */; };
		BB866EBA140C2F7200A188B5 /* SparrowBonesLandscapeViewController.m in Sources */ = {isa = PBXBuildFile; fileRef = BB866EB9140C2F7200A188B5 /* SparrowBonesLandscapeViewController.m */; };
		BB866EC5140C2F7200A188B5 /* SenTestingKit.framework in Frameworks */ = {isa = PBXBuildFile; fileRef = BB866EC4140C2F7200A188B5 /* SenTestingKit.framework */; };
		BB866EC6140C2F7200A188B5 /* UIKit.framework in Frameworks */ = {isa = PBXBuildFile; fileRef = BB866EA3140C2F7100A188B5 /* UIKit.framework */; };
		BB866EC7140C2F7200A188B5 /* Foundation.framework in Frameworks */ = {isa = PBXBuildFile; fileRef = BB866EA5140C2F7100A188B5 /* Foundation.framework */; };
		BB866EC8140C2F7200A188B5 /* CoreGraphics.framework in Frameworks */ = {isa = PBXBuildFile; fileRef = BB866EA7140C2F7100A188B5 /* CoreGraphics.framework */; };
		BB866ED0140C2F7200A188B5 /* InfoPlist.strings in Resources */ = {isa = PBXBuildFile; fileRef = BB866ECE140C2F7200A188B5 /* InfoPlist.strings */; };
		BB866ED2140C2F7200A188B5 /* SparrowBonesTests.h in Resources */ = {isa = PBXBuildFile; fileRef = BB866ED1140C2F7200A188B5 /* SparrowBonesTests.h */; };
		BB866ED4140C2F7200A188B5 /* SparrowBonesTests.m in Sources */ = {isa = PBXBuildFile; fileRef = BB866ED3140C2F7200A188B5 /* SparrowBonesTests.m */; };
		BB873EC2140C369B005A6E14 /* libSparrow.a in Frameworks */ = {isa = PBXBuildFile; fileRef = BB48C531140C3636006F1E54 /* libSparrow.a */; };
		BB873EC4140C36A9005A6E14 /* AudioToolbox.framework in Frameworks */ = {isa = PBXBuildFile; fileRef = BB873EC3140C36A9005A6E14 /* AudioToolbox.framework */; };
		BB873EC6140C36EB005A6E14 /* AVFoundation.framework in Frameworks */ = {isa = PBXBuildFile; fileRef = BB873EC5140C36EB005A6E14 /* AVFoundation.framework */; };
		BB873EC8140C36F7005A6E14 /* OpenAL.framework in Frameworks */ = {isa = PBXBuildFile; fileRef = BB873EC7140C36F7005A6E14 /* OpenAL.framework */; };
		BB873ECA140C3710005A6E14 /* OpenGLES.framework in Frameworks */ = {isa = PBXBuildFile; fileRef = BB873EC9140C3710005A6E14 /* OpenGLES.framework */; };
		BB873ECC140C3725005A6E14 /* QuartzCore.framework in Frameworks */ = {isa = PBXBuildFile; fileRef = BB873ECB140C3725005A6E14 /* QuartzCore.framework */; };
		BB873ECE140C3739005A6E14 /* libz.dylib in Frameworks */ = {isa = PBXBuildFile; fileRef = BB873ECD140C3739005A6E14 /* libz.dylib */; };
		BB9061A9140D8CC000BDBD28 /* GameBoneViewController.m in Sources */ = {isa = PBXBuildFile; fileRef = BB9061A8140D8CC000BDBD28 /* GameBoneViewController.m */; };
/* End PBXBuildFile section */

/* Begin PBXContainerItemProxy section */
		BB48C530140C3636006F1E54 /* PBXContainerItemProxy */ = {
			isa = PBXContainerItemProxy;
			containerPortal = BB866EDE140C351300A188B5 /* Sparrow.xcodeproj */;
			proxyType = 2;
			remoteGlobalIDString = DEFE4BC2101B317600E22471;
			remoteInfo = Sparrow;
		};
		BB48C532140C3636006F1E54 /* PBXContainerItemProxy */ = {
			isa = PBXContainerItemProxy;
			containerPortal = BB866EDE140C351300A188B5 /* Sparrow.xcodeproj */;
			proxyType = 2;
			remoteGlobalIDString = DEEA9335101E32A30071DD21;
			remoteInfo = UnitTests;
		};
		BB866EC9140C2F7200A188B5 /* PBXContainerItemProxy */ = {
			isa = PBXContainerItemProxy;
			containerPortal = BB866E96140C2F7100A188B5 /* Project object */;
			proxyType = 1;
			remoteGlobalIDString = BB866E9E140C2F7100A188B5;
			remoteInfo = SparrowBones;
		};
		BB873EC0140C367E005A6E14 /* PBXContainerItemProxy */ = {
			isa = PBXContainerItemProxy;
			containerPortal = BB866EDE140C351300A188B5 /* Sparrow.xcodeproj */;
			proxyType = 1;
			remoteGlobalIDString = DEFE4BC1101B317600E22471;
			remoteInfo = Sparrow;
		};
/* End PBXContainerItemProxy section */

/* Begin PBXFileReference section */
		BB866E9F140C2F7100A188B5 /* SparrowBones.app */ = {isa = PBXFileReference; explicitFileType = wrapper.application; includeInIndex = 0; path = SparrowBones.app; sourceTree = BUILT_PRODUCTS_DIR; };
		BB866EA3140C2F7100A188B5 /* UIKit.framework */ = {isa = PBXFileReference; lastKnownFileType = wrapper.framework; name = UIKit.framework; path = System/Library/Frameworks/UIKit.framework; sourceTree = SDKROOT; };
		BB866EA5140C2F7100A188B5 /* Foundation.framework */ = {isa = PBXFileReference; lastKnownFileType = wrapper.framework; name = Foundation.framework; path = System/Library/Frameworks/Foundation.framework; sourceTree = SDKROOT; };
		BB866EA7140C2F7100A188B5 /* CoreGraphics.framework */ = {isa = PBXFileReference; lastKnownFileType = wrapper.framework; name = CoreGraphics.framework; path = System/Library/Frameworks/CoreGraphics.framework; sourceTree = SDKROOT; };
		BB866EAB140C2F7100A188B5 /* SparrowBones-Info.plist */ = {isa = PBXFileReference; lastKnownFileType = text.plist.xml; path = "SparrowBones-Info.plist"; sourceTree = "<group>"; };
		BB866EAD140C2F7100A188B5 /* en */ = {isa = PBXFileReference; lastKnownFileType = text.plist.strings; name = en; path = en.lproj/InfoPlist.strings; sourceTree = "<group>"; };
		BB866EAF140C2F7100A188B5 /* main.m */ = {isa = PBXFileReference; lastKnownFileType = sourcecode.c.objc; path = main.m; sourceTree = "<group>"; };
		BB866EB1140C2F7100A188B5 /* SparrowBones-Prefix.pch */ = {isa = PBXFileReference; lastKnownFileType = sourcecode.c.h; path = "SparrowBones-Prefix.pch"; sourceTree = "<group>"; };
		BB866EB2140C2F7100A188B5 /* SparrowBonesAppDelegate.h */ = {isa = PBXFileReference; lastKnownFileType = sourcecode.c.h; path = SparrowBonesAppDelegate.h; sourceTree = "<group>"; };
		BB866EB3140C2F7100A188B5 /* SparrowBonesAppDelegate.m */ = {isa = PBXFileReference; lastKnownFileType = sourcecode.c.objc; path = SparrowBonesAppDelegate.m; sourceTree = "<group>"; };
		BB866EB6140C2F7100A188B5 /* en */ = {isa = PBXFileReference; lastKnownFileType = file.xib; name = en; path = en.lproj/MainWindow.xib; sourceTree = "<group>"; };
		BB866EB8140C2F7200A188B5 /* SparrowBonesLandscapeViewController.h */ = {isa = PBXFileReference; path = SparrowBonesLandscapeViewController.h; sourceTree = "<group>"; };
		BB866EB9140C2F7200A188B5 /* SparrowBonesLandscapeViewController.m */ = {isa = PBXFileReference; lastKnownFileType = sourcecode.c.objc; path = SparrowBonesLandscapeViewController.m; sourceTree = "<group>"; };
		BB866EC3140C2F7200A188B5 /* SparrowBonesTests.octest */ = {isa = PBXFileReference; explicitFileType = wrapper.cfbundle; includeInIndex = 0; path = SparrowBonesTests.octest; sourceTree = BUILT_PRODUCTS_DIR; };
		BB866EC4140C2F7200A188B5 /* SenTestingKit.framework */ = {isa = PBXFileReference; lastKnownFileType = wrapper.framework; name = SenTestingKit.framework; path = Library/Frameworks/SenTestingKit.framework; sourceTree = DEVELOPER_DIR; };
		BB866ECD140C2F7200A188B5 /* SparrowBonesTests-Info.plist */ = {isa = PBXFileReference; lastKnownFileType = text.plist.xml; path = "SparrowBonesTests-Info.plist"; sourceTree = "<group>"; };
		BB866ECF140C2F7200A188B5 /* en */ = {isa = PBXFileReference; lastKnownFileType = text.plist.strings; name = en; path = en.lproj/InfoPlist.strings; sourceTree = "<group>"; };
		BB866ED1140C2F7200A188B5 /* SparrowBonesTests.h */ = {isa = PBXFileReference; lastKnownFileType = sourcecode.c.h; path = SparrowBonesTests.h; sourceTree = "<group>"; };
		BB866ED3140C2F7200A188B5 /* SparrowBonesTests.m */ = {isa = PBXFileReference; lastKnownFileType = sourcecode.c.objc; path = SparrowBonesTests.m; sourceTree = "<group>"; };
		BB866EDE140C351300A188B5 /* Sparrow.xcodeproj */ = {isa = PBXFileReference; lastKnownFileType = "wrapper.pb-project"; path = Sparrow.xcodeproj; sourceTree = SPARROW_SRC; };
		BB873EC3140C36A9005A6E14 /* AudioToolbox.framework */ = {isa = PBXFileReference; lastKnownFileType = wrapper.framework; name = AudioToolbox.framework; path = System/Library/Frameworks/AudioToolbox.framework; sourceTree = SDKROOT; };
		BB873EC5140C36EB005A6E14 /* AVFoundation.framework */ = {isa = PBXFileReference; lastKnownFileType = wrapper.framework; name = AVFoundation.framework; path = System/Library/Frameworks/AVFoundation.framework; sourceTree = SDKROOT; };
		BB873EC7140C36F7005A6E14 /* OpenAL.framework */ = {isa = PBXFileReference; lastKnownFileType = wrapper.framework; name = OpenAL.framework; path = System/Library/Frameworks/OpenAL.framework; sourceTree = SDKROOT; };
		BB873EC9140C3710005A6E14 /* OpenGLES.framework */ = {isa = PBXFileReference; lastKnownFileType = wrapper.framework; name = OpenGLES.framework; path = System/Library/Frameworks/OpenGLES.framework; sourceTree = SDKROOT; };
		BB873ECB140C3725005A6E14 /* QuartzCore.framework */ = {isa = PBXFileReference; lastKnownFileType = wrapper.framework; name = QuartzCore.framework; path = System/Library/Frameworks/QuartzCore.framework; sourceTree = SDKROOT; };
		BB873ECD140C3739005A6E14 /* libz.dylib */ = {isa = PBXFileReference; lastKnownFileType = "compiled.mach-o.dylib"; name = libz.dylib; path = usr/lib/libz.dylib; sourceTree = SDKROOT; };
		BB9061A7140D8CC000BDBD28 /* GameBoneViewController.h */ = {isa = PBXFileReference; fileEncoding = 4; lastKnownFileType = sourcecode.c.h; path = GameBoneViewController.h; sourceTree = "<group>"; };
		BB9061A8140D8CC000BDBD28 /* GameBoneViewController.m */ = {isa = PBXFileReference; fileEncoding = 4; lastKnownFileType = sourcecode.c.objc; path = GameBoneViewController.m; sourceTree = "<group>"; };
/* End PBXFileReference section */

/* Begin PBXFrameworksBuildPhase section */
		BB866E9C140C2F7100A188B5 /* Frameworks */ = {
			isa = PBXFrameworksBuildPhase;
			buildActionMask = 2147483647;
			files = (
				BB873EC4140C36A9005A6E14 /* AudioToolbox.framework in Frameworks */,
				BB873EC6140C36EB005A6E14 /* AVFoundation.framework in Frameworks */,
				BB866EA8140C2F7100A188B5 /* CoreGraphics.framework in Frameworks */,
				BB866EA6140C2F7100A188B5 /* Foundation.framework in Frameworks */,
				BB873EC8140C36F7005A6E14 /* OpenAL.framework in Frameworks */,
				BB873ECA140C3710005A6E14 /* OpenGLES.framework in Frameworks */,
				BB873ECC140C3725005A6E14 /* QuartzCore.framework in Frameworks */,
				BB866EA4140C2F7100A188B5 /* UIKit.framework in Frameworks */,
				BB873ECE140C3739005A6E14 /* libz.dylib in Frameworks */,
				BB873EC2140C369B005A6E14 /* libSparrow.a in Frameworks */,
			);
			runOnlyForDeploymentPostprocessing = 0;
		};
		BB866EBF140C2F7200A188B5 /* Frameworks */ = {
			isa = PBXFrameworksBuildPhase;
			buildActionMask = 2147483647;
			files = (
				BB866EC5140C2F7200A188B5 /* SenTestingKit.framework in Frameworks */,
				BB866EC6140C2F7200A188B5 /* UIKit.framework in Frameworks */,
				BB866EC7140C2F7200A188B5 /* Foundation.framework in Frameworks */,
				BB866EC8140C2F7200A188B5 /* CoreGraphics.framework in Frameworks */,
			);
			runOnlyForDeploymentPostprocessing = 0;
		};
/* End PBXFrameworksBuildPhase section */

/* Begin PBXGroup section */
		BB48C52C140C3636006F1E54 /* Products */ = {
			isa = PBXGroup;
			children = (
				BB48C531140C3636006F1E54 /* libSparrow.a */,
				BB48C533140C3636006F1E54 /* UnitTest.octest */,
			);
			name = Products;
			sourceTree = "<group>";
		};
		BB866E94140C2F7100A188B5 = {
			isa = PBXGroup;
			children = (
				BB866EDD140C342000A188B5 /* Sparrow */,
				BB866EA9140C2F7100A188B5 /* SparrowBones */,
				BB866ECB140C2F7200A188B5 /* SparrowBonesTests */,
				BB866EA2140C2F7100A188B5 /* Frameworks */,
				BB866EA0140C2F7100A188B5 /* Products */,
			);
			sourceTree = "<group>";
		};
		BB866EA0140C2F7100A188B5 /* Products */ = {
			isa = PBXGroup;
			children = (
				BB866E9F140C2F7100A188B5 /* SparrowBones.app */,
				BB866EC3140C2F7200A188B5 /* SparrowBonesTests.octest */,
			);
			name = Products;
			sourceTree = "<group>";
		};
		BB866EA2140C2F7100A188B5 /* Frameworks */ = {
			isa = PBXGroup;
			children = (
				BB873EC3140C36A9005A6E14 /* AudioToolbox.framework */,
				BB873EC5140C36EB005A6E14 /* AVFoundation.framework */,
				BB866EA7140C2F7100A188B5 /* CoreGraphics.framework */,
				BB866EA5140C2F7100A188B5 /* Foundation.framework */,
				BB873EC7140C36F7005A6E14 /* OpenAL.framework */,
				BB873EC9140C3710005A6E14 /* OpenGLES.framework */,
				BB873ECB140C3725005A6E14 /* QuartzCore.framework */,
				BB866EA3140C2F7100A188B5 /* UIKit.framework */,
				BB866EC4140C2F7200A188B5 /* SenTestingKit.framework */,
				BB873ECD140C3739005A6E14 /* libz.dylib */,
			);
			name = Frameworks;
			sourceTree = "<group>";
		};
		BB866EA9140C2F7100A188B5 /* SparrowBones */ = {
			isa = PBXGroup;
			children = (
				BB9061A6140D8C8800BDBD28 /* Game Bone */,
				BB9061A5140D8C6400BDBD28 /* Bone Base */,
				BB866EAA140C2F7100A188B5 /* Supporting Files */,
			);
			path = SparrowBones;
			sourceTree = "<group>";
		};
		BB866EAA140C2F7100A188B5 /* Supporting Files */ = {
			isa = PBXGroup;
			children = (
				BB866EAB140C2F7100A188B5 /* SparrowBones-Info.plist */,
				BB866EAC140C2F7100A188B5 /* InfoPlist.strings */,
				BB866EAF140C2F7100A188B5 /* main.m */,
				BB866EB1140C2F7100A188B5 /* SparrowBones-Prefix.pch */,
			);
			name = "Supporting Files";
			sourceTree = "<group>";
		};
		BB866ECB140C2F7200A188B5 /* SparrowBonesTests */ = {
			isa = PBXGroup;
			children = (
				BB866ED1140C2F7200A188B5 /* SparrowBonesTests.h */,
				BB866ED3140C2F7200A188B5 /* SparrowBonesTests.m */,
				BB866ECC140C2F7200A188B5 /* Supporting Files */,
			);
			path = SparrowBonesTests;
			sourceTree = "<group>";
		};
		BB866ECC140C2F7200A188B5 /* Supporting Files */ = {
			isa = PBXGroup;
			children = (
				BB866ECD140C2F7200A188B5 /* SparrowBonesTests-Info.plist */,
				BB866ECE140C2F7200A188B5 /* InfoPlist.strings */,
			);
			name = "Supporting Files";
			sourceTree = "<group>";
		};
		BB866EDD140C342000A188B5 /* Sparrow */ = {
			isa = PBXGroup;
			children = (
				BB866EDE140C351300A188B5 /* Sparrow.xcodeproj */,
			);
			name = Sparrow;
			sourceTree = "<group>";
		};
		BB9061A4140D8B8F00BDBD28 /* View Controller */ = {
			isa = PBXGroup;
			children = (
				BB866EB8140C2F7200A188B5 /* SparrowBonesLandscapeViewController.h */,
				BB866EB9140C2F7200A188B5 /* SparrowBonesLandscapeViewController.m */,
			);
			name = "View Controller";
			sourceTree = "<group>";
		};
		BB9061A5140D8C6400BDBD28 /* Bone Base */ = {
			isa = PBXGroup;
			children = (
				BBC92D37140C4B180079158D /* App Delegate */,
				BB9061A4140D8B8F00BDBD28 /* View Controller */,
			);
			name = "Bone Base";
			sourceTree = "<group>";
		};
		BB9061A6140D8C8800BDBD28 /* Game Bone */ = {
			isa = PBXGroup;
			children = (
				BB9061A7140D8CC000BDBD28 /* GameBoneViewController.h */,
				BB9061A8140D8CC000BDBD28 /* GameBoneViewController.m */,
			);
			name = "Game Bone";
			sourceTree = "<group>";
		};
		BBC92D37140C4B180079158D /* App Delegate */ = {
			isa = PBXGroup;
			children = (
				BB866EB2140C2F7100A188B5 /* SparrowBonesAppDelegate.h */,
				BB866EB3140C2F7100A188B5 /* SparrowBonesAppDelegate.m */,
				BB866EB5140C2F7100A188B5 /* MainWindow.xib */,
			);
			name = "App Delegate";
			sourceTree = "<group>";
		};
/* End PBXGroup section */

/* Begin PBXNativeTarget section */
		BB866E9E140C2F7100A188B5 /* SparrowBones */ = {
			isa = PBXNativeTarget;
			buildConfigurationList = BB866ED7140C2F7200A188B5 /* Build configuration list for PBXNativeTarget "SparrowBones" */;
			buildPhases = (
				BB866E9B140C2F7100A188B5 /* Sources */,
				BB866E9C140C2F7100A188B5 /* Frameworks */,
				BB866E9D140C2F7100A188B5 /* Resources */,
			);
			buildRules = (
			);
			dependencies = (
				BB873EC1140C367E005A6E14 /* PBXTargetDependency */,
			);
			name = SparrowBones;
			productName = SparrowBones;
			productReference = BB866E9F140C2F7100A188B5 /* SparrowBones.app */;
			productType = "com.apple.product-type.application";
		};
		BB866EC2140C2F7200A188B5 /* SparrowBonesTests */ = {
			isa = PBXNativeTarget;
			buildConfigurationList = BB866EDA140C2F7200A188B5 /* Build configuration list for PBXNativeTarget "SparrowBonesTests" */;
			buildPhases = (
				BB866EBE140C2F7200A188B5 /* Sources */,
				BB866EBF140C2F7200A188B5 /* Frameworks */,
				BB866EC0140C2F7200A188B5 /* Resources */,
				BB866EC1140C2F7200A188B5 /* ShellScript */,
			);
			buildRules = (
			);
			dependencies = (
				BB866ECA140C2F7200A188B5 /* PBXTargetDependency */,
			);
			name = SparrowBonesTests;
			productName = SparrowBonesTests;
			productReference = BB866EC3140C2F7200A188B5 /* SparrowBonesTests.octest */;
			productType = "com.apple.product-type.bundle";
		};
/* End PBXNativeTarget section */

/* Begin PBXProject section */
		BB866E96140C2F7100A188B5 /* Project object */ = {
			isa = PBXProject;
			attributes = {
				ORGANIZATIONNAME = "Noise & Heat";
			};
			buildConfigurationList = BB866E99140C2F7100A188B5 /* Build configuration list for PBXProject "SparrowBones" */;
			compatibilityVersion = "Xcode 3.2";
			developmentRegion = English;
			hasScannedForEncodings = 0;
			knownRegions = (
				en,
			);
			mainGroup = BB866E94140C2F7100A188B5;
			productRefGroup = BB866EA0140C2F7100A188B5 /* Products */;
			projectDirPath = "";
			projectReferences = (
				{
					ProductGroup = BB48C52C140C3636006F1E54 /* Products */;
					ProjectRef = BB866EDE140C351300A188B5 /* Sparrow.xcodeproj */;
				},
			);
			projectRoot = "";
			targets = (
				BB866E9E140C2F7100A188B5 /* SparrowBones */,
				BB866EC2140C2F7200A188B5 /* SparrowBonesTests */,
			);
		};
/* End PBXProject section */

/* Begin PBXReferenceProxy section */
		BB48C531140C3636006F1E54 /* libSparrow.a */ = {
			isa = PBXReferenceProxy;
			fileType = archive.ar;
			path = libSparrow.a;
			remoteRef = BB48C530140C3636006F1E54 /* PBXContainerItemProxy */;
			sourceTree = BUILT_PRODUCTS_DIR;
		};
		BB48C533140C3636006F1E54 /* UnitTest.octest */ = {
			isa = PBXReferenceProxy;
			fileType = wrapper.cfbundle;
			path = UnitTest.octest;
			remoteRef = BB48C532140C3636006F1E54 /* PBXContainerItemProxy */;
			sourceTree = BUILT_PRODUCTS_DIR;
		};
/* End PBXReferenceProxy section */

/* Begin PBXResourcesBuildPhase section */
		BB866E9D140C2F7100A188B5 /* Resources */ = {
			isa = PBXResourcesBuildPhase;
			buildActionMask = 2147483647;
			files = (
				BB866EAE140C2F7100A188B5 /* InfoPlist.strings in Resources */,
				BB866EB7140C2F7100A188B5 /* MainWindow.xib in Resources */,
			);
			runOnlyForDeploymentPostprocessing = 0;
		};
		BB866EC0140C2F7200A188B5 /* Resources */ = {
			isa = PBXResourcesBuildPhase;
			buildActionMask = 2147483647;
			files = (
				BB866ED0140C2F7200A188B5 /* InfoPlist.strings in Resources */,
				BB866ED2140C2F7200A188B5 /* SparrowBonesTests.h in Resources */,
			);
			runOnlyForDeploymentPostprocessing = 0;
		};
/* End PBXResourcesBuildPhase section */

/* Begin PBXShellScriptBuildPhase section */
		BB866EC1140C2F7200A188B5 /* ShellScript */ = {
			isa = PBXShellScriptBuildPhase;
			buildActionMask = 2147483647;
			files = (
			);
			inputPaths = (
			);
			outputPaths = (
			);
			runOnlyForDeploymentPostprocessing = 0;
			shellPath = /bin/sh;
			shellScript = "# Run the unit tests in this test bundle.\n\"${SYSTEM_DEVELOPER_DIR}/Tools/RunUnitTests\"\n";
		};
/* End PBXShellScriptBuildPhase section */

/* Begin PBXSourcesBuildPhase section */
		BB866E9B140C2F7100A188B5 /* Sources */ = {
			isa = PBXSourcesBuildPhase;
			buildActionMask = 2147483647;
			files = (
				BB866EB0140C2F7100A188B5 /* main.m in Sources */,
				BB866EB4140C2F7100A188B5 /* SparrowBonesAppDelegate.m in Sources */,
				BB866EBA140C2F7200A188B5 /* SparrowBonesLandscapeViewController.m in Sources */,
				BB9061A9140D8CC000BDBD28 /* GameBoneViewController.m in Sources */,
			);
			runOnlyForDeploymentPostprocessing = 0;
		};
		BB866EBE140C2F7200A188B5 /* Sources */ = {
			isa = PBXSourcesBuildPhase;
			buildActionMask = 2147483647;
			files = (
				BB866ED4140C2F7200A188B5 /* SparrowBonesTests.m in Sources */,
			);
			runOnlyForDeploymentPostprocessing = 0;
		};
/* End PBXSourcesBuildPhase section */

/* Begin PBXTargetDependency section */
		BB866ECA140C2F7200A188B5 /* PBXTargetDependency */ = {
			isa = PBXTargetDependency;
			target = BB866E9E140C2F7100A188B5 /* SparrowBones */;
			targetProxy = BB866EC9140C2F7200A188B5 /* PBXContainerItemProxy */;
		};
		BB873EC1140C367E005A6E14 /* PBXTargetDependency */ = {
			isa = PBXTargetDependency;
			name = Sparrow;
			targetProxy = BB873EC0140C367E005A6E14 /* PBXContainerItemProxy */;
		};
/* End PBXTargetDependency section */

/* Begin PBXVariantGroup section */
		BB866EAC140C2F7100A188B5 /* InfoPlist.strings */ = {
			isa = PBXVariantGroup;
			children = (
				BB866EAD140C2F7100A188B5 /* en */,
			);
			name = InfoPlist.strings;
			sourceTree = "<group>";
		};
		BB866EB5140C2F7100A188B5 /* MainWindow.xib */ = {
			isa = PBXVariantGroup;
			children = (
				BB866EB6140C2F7100A188B5 /* en */,
			);
			name = MainWindow.xib;
			sourceTree = "<group>";
		};
		BB866ECE140C2F7200A188B5 /* InfoPlist.strings */ = {
			isa = PBXVariantGroup;
			children = (
				BB866ECF140C2F7200A188B5 /* en */,
			);
			name = InfoPlist.strings;
			sourceTree = "<group>";
		};
/* End PBXVariantGroup section */

/* Begin XCBuildConfiguration section */
		BB866ED5140C2F7200A188B5 /* Debug */ = {
			isa = XCBuildConfiguration;
			buildSettings = {
				ALWAYS_SEARCH_USER_PATHS = NO;
				ARCHS = "$(ARCHS_STANDARD_32_BIT)";
				"CODE_SIGN_IDENTITY[sdk=iphoneos*]" = "iPhone Developer";
				COPY_PHASE_STRIP = NO;
				GCC_C_LANGUAGE_STANDARD = gnu99;
				GCC_DYNAMIC_NO_PIC = NO;
				GCC_OPTIMIZATION_LEVEL = 0;
				GCC_PREPROCESSOR_DEFINITIONS = (
					"DEBUG=1",
					"$(inherited)",
				);
				GCC_SYMBOLS_PRIVATE_EXTERN = NO;
				GCC_VERSION = com.apple.compilers.llvmgcc42;
				GCC_WARN_ABOUT_MISSING_PROTOTYPES = YES;
				GCC_WARN_ABOUT_RETURN_TYPE = YES;
				GCC_WARN_UNUSED_VARIABLE = YES;
				IPHONEOS_DEPLOYMENT_TARGET = 4.2;
				OTHER_LDFLAGS = (
					"-ObjC",
					"-all_load",
				);
				SDKROOT = iphoneos;
				USER_HEADER_SEARCH_PATHS = "${SPARROW_SRC}/**";
			};
			name = Debug;
		};
		BB866ED6140C2F7200A188B5 /* Release */ = {
			isa = XCBuildConfiguration;
			buildSettings = {
				ALWAYS_SEARCH_USER_PATHS = NO;
				ARCHS = "$(ARCHS_STANDARD_32_BIT)";
				"CODE_SIGN_IDENTITY[sdk=iphoneos*]" = "iPhone Developer";
				COPY_PHASE_STRIP = YES;
				GCC_C_LANGUAGE_STANDARD = gnu99;
				GCC_VERSION = com.apple.compilers.llvmgcc42;
				GCC_WARN_ABOUT_MISSING_PROTOTYPES = YES;
				GCC_WARN_ABOUT_RETURN_TYPE = YES;
				GCC_WARN_UNUSED_VARIABLE = YES;
				IPHONEOS_DEPLOYMENT_TARGET = 4.2;
				OTHER_CFLAGS = "-DNS_BLOCK_ASSERTIONS=1";
				OTHER_LDFLAGS = (
					"-ObjC",
					"-all_load",
				);
				SDKROOT = iphoneos;
				USER_HEADER_SEARCH_PATHS = "${SPARROW_SRC}/**";
				VALIDATE_PRODUCT = YES;
			};
			name = Release;
		};
		BB866ED8140C2F7200A188B5 /* Debug */ = {
			isa = XCBuildConfiguration;
			buildSettings = {
				GCC_PRECOMPILE_PREFIX_HEADER = YES;
				GCC_PREFIX_HEADER = "SparrowBones/SparrowBones-Prefix.pch";
				INFOPLIST_FILE = "SparrowBones/SparrowBones-Info.plist";
				PRODUCT_NAME = "$(TARGET_NAME)";
				WRAPPER_EXTENSION = app;
			};
			name = Debug;
		};
		BB866ED9140C2F7200A188B5 /* Release */ = {
			isa = XCBuildConfiguration;
			buildSettings = {
				GCC_PRECOMPILE_PREFIX_HEADER = YES;
				GCC_PREFIX_HEADER = "SparrowBones/SparrowBones-Prefix.pch";
				INFOPLIST_FILE = "SparrowBones/SparrowBones-Info.plist";
				PRODUCT_NAME = "$(TARGET_NAME)";
				WRAPPER_EXTENSION = app;
			};
			name = Release;
		};
		BB866EDB140C2F7200A188B5 /* Debug */ = {
			isa = XCBuildConfiguration;
			buildSettings = {
				BUNDLE_LOADER = "$(BUILT_PRODUCTS_DIR)/SparrowBones.app/SparrowBones";
				FRAMEWORK_SEARCH_PATHS = (
					"$(SDKROOT)/Developer/Library/Frameworks",
					"$(DEVELOPER_LIBRARY_DIR)/Frameworks",
				);
				GCC_PRECOMPILE_PREFIX_HEADER = YES;
				GCC_PREFIX_HEADER = "SparrowBones/SparrowBones-Prefix.pch";
				INFOPLIST_FILE = "SparrowBonesTests/SparrowBonesTests-Info.plist";
				PRODUCT_NAME = "$(TARGET_NAME)";
				TEST_HOST = "$(BUNDLE_LOADER)";
				WRAPPER_EXTENSION = octest;
			};
			name = Debug;
		};
		BB866EDC140C2F7200A188B5 /* Release */ = {
			isa = XCBuildConfiguration;
			buildSettings = {
				BUNDLE_LOADER = "$(BUILT_PRODUCTS_DIR)/SparrowBones.app/SparrowBones";
				FRAMEWORK_SEARCH_PATHS = (
					"$(SDKROOT)/Developer/Library/Frameworks",
					"$(DEVELOPER_LIBRARY_DIR)/Frameworks",
				);
				GCC_PRECOMPILE_PREFIX_HEADER = YES;
				GCC_PREFIX_HEADER = "SparrowBones/SparrowBones-Prefix.pch";
				INFOPLIST_FILE = "SparrowBonesTests/SparrowBonesTests-Info.plist";
				PRODUCT_NAME = "$(TARGET_NAME)";
				TEST_HOST = "$(BUNDLE_LOADER)";
				WRAPPER_EXTENSION = octest;
			};
			name = Release;
		};
/* End XCBuildConfiguration section */

/* Begin XCConfigurationList section */
		BB866E99140C2F7100A188B5 /* Build configuration list for PBXProject "SparrowBones" */ = {
			isa = XCConfigurationList;
			buildConfigurations = (
				BB866ED5140C2F7200A188B5 /* Debug */,
				BB866ED6140C2F7200A188B5 /* Release */,
			);
			defaultConfigurationIsVisible = 0;
			defaultConfigurationName = Release;
		};
		BB866ED7140C2F7200A188B5 /* Build configuration list for PBXNativeTarget "SparrowBones" */ = {
			isa = XCConfigurationList;
			buildConfigurations = (
				BB866ED8140C2F7200A188B5 /* Debug */,
				BB866ED9140C2F7200A188B5 /* Release */,
			);
			defaultConfigurationIsVisible = 0;
			defaultConfigurationName = Release;
		};
		BB866EDA140C2F7200A188B5 /* Build configuration list for PBXNativeTarget "SparrowBonesTests" */ = {
			isa = XCConfigurationList;
			buildConfigurations = (
				BB866EDB140C2F7200A188B5 /* Debug */,
				BB866EDC140C2F7200A188B5 /* Release */,
			);
			defaultConfigurationIsVisible = 0;
			defaultConfigurationName = Release;
		};
/* End XCConfigurationList section */
	};
	rootObject = BB866E96140C2F7100A188B5 /* Project object */;
}
